{
  "requires": true,
  "lockfileVersion": 1,
  "dependencies": {
    "@fullcalendar/common": {
      "version": "5.4.0",
      "resolved": "https://registry.npmjs.org/@fullcalendar/common/-/common-5.4.0.tgz",
      "integrity": "sha512-w6C5VLxZmS8AmbAIiIHy+p+S/G9wtsvFEgyM/Ijd+5/ENKV4bs8ieOsetdl79WUheRKg0oXiiG5fy1X3EFk/Gg==",
      "requires": {
        "tslib": "^2.0.3"
      }
    },
    "@fullcalendar/daygrid": {
      "version": "5.4.0",
      "resolved": "https://registry.npmjs.org/@fullcalendar/daygrid/-/daygrid-5.4.0.tgz",
      "integrity": "sha512-UgBcEWNMFuhnwQNH0NP1qWo3swH3jAqXY7Y43eQakwwFbCuP/gBSmiOgkVnfK2SmPJTDMEnFR5jApcXPlpPXlQ==",
      "requires": {
        "@fullcalendar/common": "~5.4.0",
        "tslib": "^2.0.3"
      }
    },
    "@fullcalendar/react": {
      "version": "5.4.0",
      "resolved": "https://registry.npmjs.org/@fullcalendar/react/-/react-5.4.0.tgz",
      "integrity": "sha512-FtTuD40jdbSzttKmC6PHLnoJSNrw48oq/zbjZ2Qm/94YPEuGULJ0YMjftGTg6pGxBhJf7LiC1bU5eM92iwIYZA==",
      "requires": {
        "@fullcalendar/common": "~5.4.0",
        "tslib": "^2.0.3"
      }
    },
    "tslib": {
      "version": "2.0.3",
      "resolved": "https://registry.npmjs.org/tslib/-/tslib-2.0.3.tgz",
      "integrity": "sha512-uZtkfKblCEQtZKBF6EBXVZeQNl82yqtDQdv+eck8u7tdPxjLu2/lp5/uPW+um2tpuxINHWy3GhiccY7QgEaVHQ=="
    }
  }
}
